
Microsoft Visual Studio Solution File, Format Version 12.00
# Visual Studio Version 17
VisualStudioVersion = 17.8.34330.188
MinimumVisualStudioVersion = 10.0.40219.1
Project("{9A19103F-16F7-4668-BE54-9A1E7A4F7556}") = "Bookify.Web", "Bookify.Web\Bookify.Web.csproj", "{12413CF6-42D6-48BB-B190-FB0CAA674791}"
EndProject
Global
	GlobalSection(SolutionConfigurationPlatforms) = preSolution
		Debug|Any CPU = Debug|Any CPU
		Release|Any CPU = Release|Any CPU
	EndGlobalSection
	GlobalSection(ProjectConfigurationPlatforms) = postSolution
		{12413CF6-42D6-48BB-B190-FB0CAA674791}.Debug|Any CPU.ActiveCfg = Debug|Any CPU
		{12413CF6-42D6-48BB-B190-FB0CAA674791}.Debug|Any CPU.Build.0 = Debug|Any CPU
		{12413CF6-42D6-48BB-B190-FB0CAA674791}.Release|Any CPU.ActiveCfg = Release|Any CPU
		{12413CF6-42D6-48BB-B190-FB0CAA674791}.Release|Any CPU.Build.0 = Release|Any CPU
	EndGlobalSection
	GlobalSection(SolutionProperties) = preSolution
		HideSolutionNode = FALSE
	EndGlobalSection
	GlobalSection(ExtensibilityGlobals) = postSolution
		SolutionGuid = {F134DD2E-220A-4DF1-A4D8-DA70C87505C3}
	EndGlobalSection
EndGlobal
